
Microsoft Visual Studio Solution File, Format Version 12.00
# Visual Studio Version 16
VisualStudioVersion = 16.0.31729.503
MinimumVisualStudioVersion = 10.0.40219.1
Project("{FAE04EC0-301F-11D3-BF4B-00C04F79EFBC}") = "GiphyConnectorService", "GiphyConnector\GiphyConnectorService.csproj", "{C87B4C12-411B-4DC1-A96D-3A39DBC8A80B}"
EndProject
Project("{FAE04EC0-301F-11D3-BF4B-00C04F79EFBC}") = "GiphyAdapterLib", "GiphyAdapter\GiphyAdapterLib.csproj", "{A6FEC1F6-9595-437F-9063-09F680A31F40}"
EndProject
Global
	GlobalSection(SolutionConfigurationPlatforms) = preSolution
		Debug|Any CPU = Debug|Any CPU
		Release|Any CPU = Release|Any CPU
	EndGlobalSection
	GlobalSection(ProjectConfigurationPlatforms) = postSolution
		{C87B4C12-411B-4DC1-A96D-3A39DBC8A80B}.Debug|Any CPU.ActiveCfg = Debug|Any CPU
		{C87B4C12-411B-4DC1-A96D-3A39DBC8A80B}.Debug|Any CPU.Build.0 = Debug|Any CPU
		{C87B4C12-411B-4DC1-A96D-3A39DBC8A80B}.Release|Any CPU.ActiveCfg = Release|Any CPU
		{C87B4C12-411B-4DC1-A96D-3A39DBC8A80B}.Release|Any CPU.Build.0 = Release|Any CPU
		{A6FEC1F6-9595-437F-9063-09F680A31F40}.Debug|Any CPU.ActiveCfg = Debug|Any CPU
		{A6FEC1F6-9595-437F-9063-09F680A31F40}.Debug|Any CPU.Build.0 = Debug|Any CPU
		{A6FEC1F6-9595-437F-9063-09F680A31F40}.Release|Any CPU.ActiveCfg = Release|Any CPU
		{A6FEC1F6-9595-437F-9063-09F680A31F40}.Release|Any CPU.Build.0 = Release|Any CPU
	EndGlobalSection
	GlobalSection(SolutionProperties) = preSolution
		HideSolutionNode = FALSE
	EndGlobalSection
	GlobalSection(ExtensibilityGlobals) = postSolution
		SolutionGuid = {9DB72803-604E-4C8D-8107-6AA8B8C4AB58}
	EndGlobalSection
EndGlobal
